
Microsoft Visual Studio Solution File, Format Version 12.00
# Visual Studio Version 17
VisualStudioVersion = 17.2.32630.192
MinimumVisualStudioVersion = 10.0.40219.1
Project("{FAE04EC0-301F-11D3-BF4B-00C04F79EFBC}") = "StrongEnergyCompany", "StrongEnergyCompany\StrongEnergyCompany.csproj", "{4579E6FF-2D0F-4746-A706-B972189DBE3E}"
EndProject
Global
	GlobalSection(SolutionConfigurationPlatforms) = preSolution
		Debug|Any CPU = Debug|Any CPU
		Release|Any CPU = Release|Any CPU
	EndGlobalSection
	GlobalSection(ProjectConfigurationPlatforms) = postSolution
		{4579E6FF-2D0F-4746-A706-B972189DBE3E}.Debug|Any CPU.ActiveCfg = Debug|Any CPU
		{4579E6FF-2D0F-4746-A706-B972189DBE3E}.Debug|Any CPU.Build.0 = Debug|Any CPU
		{4579E6FF-2D0F-4746-A706-B972189DBE3E}.Release|Any CPU.ActiveCfg = Release|Any CPU
		{4579E6FF-2D0F-4746-A706-B972189DBE3E}.Release|Any CPU.Build.0 = Release|Any CPU
	EndGlobalSection
	GlobalSection(SolutionProperties) = preSolution
		HideSolutionNode = FALSE
	EndGlobalSection
	GlobalSection(ExtensibilityGlobals) = postSolution
		SolutionGuid = {9E4A75CF-D33D-48F2-AE81-5EFA55A800AB}
	EndGlobalSection
EndGlobal
